
Microsoft Visual Studio Solution File, Format Version 12.00
# Visual Studio Version 16
VisualStudioVersion = 16.0.31424.327
MinimumVisualStudioVersion = 10.0.40219.1
Project("{9A19103F-16F7-4668-BE54-9A1E7A4F7556}") = "Business", "..\GymManagement\Business\Business.csproj", "{DBD52F24-A7AA-4BE0-9664-120A99EB7667}"
EndProject
Project("{9A19103F-16F7-4668-BE54-9A1E7A4F7556}") = "Core", "..\GymManagement\Core\Core.csproj", "{DCC66487-6B40-40CD-A637-78C0EE889625}"
EndProject
Project("{9A19103F-16F7-4668-BE54-9A1E7A4F7556}") = "Entities", "..\GymManagement\Entities\Entities.csproj", "{F0DF0DE6-8787-4682-983A-48EB6A270E0D}"
EndProject
Project("{9A19103F-16F7-4668-BE54-9A1E7A4F7556}") = "DataAccess", "..\GymManagement\DataAccess\DataAccess.csproj", "{FF87627C-7710-449E-AC0E-3B3FDEA77462}"
EndProject
Project("{9A19103F-16F7-4668-BE54-9A1E7A4F7556}") = "WebAPI", "..\GymManagement\WebAPI\WebAPI.csproj", "{4988D969-6552-4DFA-AD20-5B271C78B384}"
EndProject
Global
	GlobalSection(SolutionConfigurationPlatforms) = preSolution
		Debug|Any CPU = Debug|Any CPU
		Release|Any CPU = Release|Any CPU
	EndGlobalSection
	GlobalSection(ProjectConfigurationPlatforms) = postSolution
		{DBD52F24-A7AA-4BE0-9664-120A99EB7667}.Debug|Any CPU.ActiveCfg = Debug|Any CPU
		{DBD52F24-A7AA-4BE0-9664-120A99EB7667}.Debug|Any CPU.Build.0 = Debug|Any CPU
		{DBD52F24-A7AA-4BE0-9664-120A99EB7667}.Release|Any CPU.ActiveCfg = Release|Any CPU
		{DBD52F24-A7AA-4BE0-9664-120A99EB7667}.Release|Any CPU.Build.0 = Release|Any CPU
		{DCC66487-6B40-40CD-A637-78C0EE889625}.Debug|Any CPU.ActiveCfg = Debug|Any CPU
		{DCC66487-6B40-40CD-A637-78C0EE889625}.Debug|Any CPU.Build.0 = Debug|Any CPU
		{DCC66487-6B40-40CD-A637-78C0EE889625}.Release|Any CPU.ActiveCfg = Release|Any CPU
		{DCC66487-6B40-40CD-A637-78C0EE889625}.Release|Any CPU.Build.0 = Release|Any CPU
		{F0DF0DE6-8787-4682-983A-48EB6A270E0D}.Debug|Any CPU.ActiveCfg = Debug|Any CPU
		{F0DF0DE6-8787-4682-983A-48EB6A270E0D}.Debug|Any CPU.Build.0 = Debug|Any CPU
		{F0DF0DE6-8787-4682-983A-48EB6A270E0D}.Release|Any CPU.ActiveCfg = Release|Any CPU
		{F0DF0DE6-8787-4682-983A-48EB6A270E0D}.Release|Any CPU.Build.0 = Release|Any CPU
		{FF87627C-7710-449E-AC0E-3B3FDEA77462}.Debug|Any CPU.ActiveCfg = Debug|Any CPU
		{FF87627C-7710-449E-AC0E-3B3FDEA77462}.Debug|Any CPU.Build.0 = Debug|Any CPU
		{FF87627C-7710-449E-AC0E-3B3FDEA77462}.Release|Any CPU.ActiveCfg = Release|Any CPU
		{FF87627C-7710-449E-AC0E-3B3FDEA77462}.Release|Any CPU.Build.0 = Release|Any CPU
		{4988D969-6552-4DFA-AD20-5B271C78B384}.Debug|Any CPU.ActiveCfg = Debug|Any CPU
		{4988D969-6552-4DFA-AD20-5B271C78B384}.Debug|Any CPU.Build.0 = Debug|Any CPU
		{4988D969-6552-4DFA-AD20-5B271C78B384}.Release|Any CPU.ActiveCfg = Release|Any CPU
		{4988D969-6552-4DFA-AD20-5B271C78B384}.Release|Any CPU.Build.0 = Release|Any CPU
	EndGlobalSection
	GlobalSection(SolutionProperties) = preSolution
		HideSolutionNode = FALSE
	EndGlobalSection
	GlobalSection(ExtensibilityGlobals) = postSolution
		SolutionGuid = {46952BBE-4DFA-4115-8694-3636925BF163}
	EndGlobalSection
EndGlobal
